
Microsoft Visual Studio Solution File, Format Version 12.00
# Visual Studio Version 17
VisualStudioVersion = 17.3.32901.215
MinimumVisualStudioVersion = 10.0.40219.1
Project("{9A19103F-16F7-4668-BE54-9A1E7A4F7556}") = "FluentAvalonia.BreadcrumbBar", "FluentAvalonia.BreadcrumbBar\FluentAvalonia.BreadcrumbBar.csproj", "{8FC3F87E-B028-4819-B775-DFAFA07873F5}"
EndProject
Project("{FAE04EC0-301F-11D3-BF4B-00C04F79EFBC}") = "SampleApp", "SampleApp\SampleApp.csproj", "{30B1D866-DD3A-41E7-A8A9-42EDE5BABCBF}"
EndProject
Global
	GlobalSection(SolutionConfigurationPlatforms) = preSolution
		Debug|Any CPU = Debug|Any CPU
		Release|Any CPU = Release|Any CPU
	EndGlobalSection
	GlobalSection(ProjectConfigurationPlatforms) = postSolution
		{8FC3F87E-B028-4819-B775-DFAFA07873F5}.Debug|Any CPU.ActiveCfg = Debug|Any CPU
		{8FC3F87E-B028-4819-B775-DFAFA07873F5}.Debug|Any CPU.Build.0 = Debug|Any CPU
		{8FC3F87E-B028-4819-B775-DFAFA07873F5}.Release|Any CPU.ActiveCfg = Release|Any CPU
		{8FC3F87E-B028-4819-B775-DFAFA07873F5}.Release|Any CPU.Build.0 = Release|Any CPU
		{30B1D866-DD3A-41E7-A8A9-42EDE5BABCBF}.Debug|Any CPU.ActiveCfg = Debug|Any CPU
		{30B1D866-DD3A-41E7-A8A9-42EDE5BABCBF}.Debug|Any CPU.Build.0 = Debug|Any CPU
		{30B1D866-DD3A-41E7-A8A9-42EDE5BABCBF}.Release|Any CPU.ActiveCfg = Release|Any CPU
		{30B1D866-DD3A-41E7-A8A9-42EDE5BABCBF}.Release|Any CPU.Build.0 = Release|Any CPU
	EndGlobalSection
	GlobalSection(SolutionProperties) = preSolution
		HideSolutionNode = FALSE
	EndGlobalSection
	GlobalSection(ExtensibilityGlobals) = postSolution
		SolutionGuid = {32CEBE8F-608D-4083-A460-856235842857}
	EndGlobalSection
EndGlobal
